
Microsoft Visual Studio Solution File, Format Version 12.00
# Visual Studio Version 16
VisualStudioVersion = 16.0.31205.134
MinimumVisualStudioVersion = 10.0.40219.1
Project("{FAE04EC0-301F-11D3-BF4B-00C04F79EFBC}") = "SkiResortApp", "SkiResortApp.csproj", "{F182D5C1-4CFE-4DF0-B896-71AF8984E871}"
EndProject
Global
	GlobalSection(SolutionConfigurationPlatforms) = preSolution
		Debug|Any CPU = Debug|Any CPU
		Release|Any CPU = Release|Any CPU
	EndGlobalSection
	GlobalSection(ProjectConfigurationPlatforms) = postSolution
		{F182D5C1-4CFE-4DF0-B896-71AF8984E871}.Debug|Any CPU.ActiveCfg = Debug|Any CPU
		{F182D5C1-4CFE-4DF0-B896-71AF8984E871}.Debug|Any CPU.Build.0 = Debug|Any CPU
		{F182D5C1-4CFE-4DF0-B896-71AF8984E871}.Release|Any CPU.ActiveCfg = Release|Any CPU
		{F182D5C1-4CFE-4DF0-B896-71AF8984E871}.Release|Any CPU.Build.0 = Release|Any CPU
	EndGlobalSection
	GlobalSection(SolutionProperties) = preSolution
		HideSolutionNode = FALSE
	EndGlobalSection
	GlobalSection(ExtensibilityGlobals) = postSolution
		SolutionGuid = {F0187A11-8C72-4B7F-BE40-5324F627934F}
	EndGlobalSection
EndGlobal
